
Microsoft Visual Studio Solution File, Format Version 12.00
# Visual Studio Version 17
VisualStudioVersion = 17.0.31903.59
MinimumVisualStudioVersion = 10.0.40219.1
Project("{FAE04EC0-301F-11D3-BF4B-00C04F79EFBC}") = "API", "API\API.csproj", "{8C420A95-7C90-472D-8D6A-84BCF2E70E9C}"
EndProject
Project("{FAE04EC0-301F-11D3-BF4B-00C04F79EFBC}") = "Application", "Application\Application.csproj", "{12AC1C4C-B0E5-4E57-BF55-1144846C9ECA}"
EndProject
Project("{FAE04EC0-301F-11D3-BF4B-00C04F79EFBC}") = "Domain", "Domain\Domain.csproj", "{BFC9C45C-D5F9-48BC-BB8A-F289B5578661}"
EndProject
Project("{FAE04EC0-301F-11D3-BF4B-00C04F79EFBC}") = "Persistence", "Persistence\Persistence.csproj", "{A41EAFE0-8E8A-4D06-9E8F-4E5E78DBA5C7}"
EndProject
Global
	GlobalSection(SolutionConfigurationPlatforms) = preSolution
		Debug|Any CPU = Debug|Any CPU
		Release|Any CPU = Release|Any CPU
	EndGlobalSection
	GlobalSection(SolutionProperties) = preSolution
		HideSolutionNode = FALSE
	EndGlobalSection
	GlobalSection(ProjectConfigurationPlatforms) = postSolution
		{8C420A95-7C90-472D-8D6A-84BCF2E70E9C}.Debug|Any CPU.ActiveCfg = Debug|Any CPU
		{8C420A95-7C90-472D-8D6A-84BCF2E70E9C}.Debug|Any CPU.Build.0 = Debug|Any CPU
		{8C420A95-7C90-472D-8D6A-84BCF2E70E9C}.Release|Any CPU.ActiveCfg = Release|Any CPU
		{8C420A95-7C90-472D-8D6A-84BCF2E70E9C}.Release|Any CPU.Build.0 = Release|Any CPU
		{12AC1C4C-B0E5-4E57-BF55-1144846C9ECA}.Debug|Any CPU.ActiveCfg = Debug|Any CPU
		{12AC1C4C-B0E5-4E57-BF55-1144846C9ECA}.Debug|Any CPU.Build.0 = Debug|Any CPU
		{12AC1C4C-B0E5-4E57-BF55-1144846C9ECA}.Release|Any CPU.ActiveCfg = Release|Any CPU
		{12AC1C4C-B0E5-4E57-BF55-1144846C9ECA}.Release|Any CPU.Build.0 = Release|Any CPU
		{BFC9C45C-D5F9-48BC-BB8A-F289B5578661}.Debug|Any CPU.ActiveCfg = Debug|Any CPU
		{BFC9C45C-D5F9-48BC-BB8A-F289B5578661}.Debug|Any CPU.Build.0 = Debug|Any CPU
		{BFC9C45C-D5F9-48BC-BB8A-F289B5578661}.Release|Any CPU.ActiveCfg = Release|Any CPU
		{BFC9C45C-D5F9-48BC-BB8A-F289B5578661}.Release|Any CPU.Build.0 = Release|Any CPU
		{A41EAFE0-8E8A-4D06-9E8F-4E5E78DBA5C7}.Debug|Any CPU.ActiveCfg = Debug|Any CPU
		{A41EAFE0-8E8A-4D06-9E8F-4E5E78DBA5C7}.Debug|Any CPU.Build.0 = Debug|Any CPU
		{A41EAFE0-8E8A-4D06-9E8F-4E5E78DBA5C7}.Release|Any CPU.ActiveCfg = Release|Any CPU
		{A41EAFE0-8E8A-4D06-9E8F-4E5E78DBA5C7}.Release|Any CPU.Build.0 = Release|Any CPU
	EndGlobalSection
EndGlobal
